
Microsoft Visual Studio Solution File, Format Version 12.00
# Visual Studio 14
VisualStudioVersion = 14.0.25420.1
MinimumVisualStudioVersion = 10.0.40219.1
Project("{2150E333-8FDC-42A3-9474-1A3956D46DE8}") = "src", "src", "{0696B674-02E9-46A7-BCF5-A3132C84F7EB}"
EndProject
Project("{2150E333-8FDC-42A3-9474-1A3956D46DE8}") = "Solution Items", "Solution Items", "{71C68D48-384A-4712-B845-C61F897424A3}"
	ProjectSection(SolutionItems) = preProject
		global.json = global.json
	EndProjectSection
EndProject
Project("{8BB2217D-0F2D-49D1-97BC-3654ED321F3B}") = "LevelModel", "src\RealTimeLevelEditor\LevelModel.xproj", "{51612E7E-CE88-4812-8A8F-28BF6EDEFC8E}"
EndProject
Project("{8BB2217D-0F2D-49D1-97BC-3654ED321F3B}") = "WebApi", "src\WebApi\WebApi.xproj", "{3EB6FE8D-CDDB-408E-B870-849F14FF89F4}"
EndProject
Project("{8BB2217D-0F2D-49D1-97BC-3654ED321F3B}") = "LevelModelTests", "src\LevelModelTests\LevelModelTests.xproj", "{00CFC90A-495B-4F25-BF04-5903516C4B1C}"
EndProject
Project("{8BB2217D-0F2D-49D1-97BC-3654ED321F3B}") = "ConsoleTestApp", "src\ConsoleTestApp\ConsoleTestApp.xproj", "{3497A84B-E1DB-4943-A8E7-41F71EBE683C}"
EndProject
Project("{8BB2217D-0F2D-49D1-97BC-3654ED321F3B}") = "MiscHelpers", "src\MiscHelpers\MiscHelpers.xproj", "{A83EE61D-3EB8-499D-A956-6B11BB95B482}"
EndProject
Project("{8BB2217D-0F2D-49D1-97BC-3654ED321F3B}") = "WebApiTests", "src\WebApiTests\WebApiTests.xproj", "{995536A4-00CD-4277-BB0B-5EDBDD04818F}"
EndProject
Global
	GlobalSection(SolutionConfigurationPlatforms) = preSolution
		Debug|Any CPU = Debug|Any CPU
		Release|Any CPU = Release|Any CPU
	EndGlobalSection
	GlobalSection(ProjectConfigurationPlatforms) = postSolution
		{51612E7E-CE88-4812-8A8F-28BF6EDEFC8E}.Debug|Any CPU.ActiveCfg = Debug|Any CPU
		{51612E7E-CE88-4812-8A8F-28BF6EDEFC8E}.Debug|Any CPU.Build.0 = Debug|Any CPU
		{51612E7E-CE88-4812-8A8F-28BF6EDEFC8E}.Release|Any CPU.ActiveCfg = Release|Any CPU
		{51612E7E-CE88-4812-8A8F-28BF6EDEFC8E}.Release|Any CPU.Build.0 = Release|Any CPU
		{3EB6FE8D-CDDB-408E-B870-849F14FF89F4}.Debug|Any CPU.ActiveCfg = Debug|Any CPU
		{3EB6FE8D-CDDB-408E-B870-849F14FF89F4}.Debug|Any CPU.Build.0 = Debug|Any CPU
		{3EB6FE8D-CDDB-408E-B870-849F14FF89F4}.Release|Any CPU.ActiveCfg = Release|Any CPU
		{3EB6FE8D-CDDB-408E-B870-849F14FF89F4}.Release|Any CPU.Build.0 = Release|Any CPU
		{00CFC90A-495B-4F25-BF04-5903516C4B1C}.Debug|Any CPU.ActiveCfg = Debug|Any CPU
		{00CFC90A-495B-4F25-BF04-5903516C4B1C}.Debug|Any CPU.Build.0 = Debug|Any CPU
		{00CFC90A-495B-4F25-BF04-5903516C4B1C}.Release|Any CPU.ActiveCfg = Release|Any CPU
		{00CFC90A-495B-4F25-BF04-5903516C4B1C}.Release|Any CPU.Build.0 = Release|Any CPU
		{3497A84B-E1DB-4943-A8E7-41F71EBE683C}.Debug|Any CPU.ActiveCfg = Debug|Any CPU
		{3497A84B-E1DB-4943-A8E7-41F71EBE683C}.Debug|Any CPU.Build.0 = Debug|Any CPU
		{3497A84B-E1DB-4943-A8E7-41F71EBE683C}.Release|Any CPU.ActiveCfg = Release|Any CPU
		{3497A84B-E1DB-4943-A8E7-41F71EBE683C}.Release|Any CPU.Build.0 = Release|Any CPU
		{A83EE61D-3EB8-499D-A956-6B11BB95B482}.Debug|Any CPU.ActiveCfg = Debug|Any CPU
		{A83EE61D-3EB8-499D-A956-6B11BB95B482}.Debug|Any CPU.Build.0 = Debug|Any CPU
		{A83EE61D-3EB8-499D-A956-6B11BB95B482}.Release|Any CPU.ActiveCfg = Release|Any CPU
		{A83EE61D-3EB8-499D-A956-6B11BB95B482}.Release|Any CPU.Build.0 = Release|Any CPU
		{995536A4-00CD-4277-BB0B-5EDBDD04818F}.Debug|Any CPU.ActiveCfg = Debug|Any CPU
		{995536A4-00CD-4277-BB0B-5EDBDD04818F}.Debug|Any CPU.Build.0 = Debug|Any CPU
		{995536A4-00CD-4277-BB0B-5EDBDD04818F}.Release|Any CPU.ActiveCfg = Release|Any CPU
		{995536A4-00CD-4277-BB0B-5EDBDD04818F}.Release|Any CPU.Build.0 = Release|Any CPU
	EndGlobalSection
	GlobalSection(SolutionProperties) = preSolution
		HideSolutionNode = FALSE
	EndGlobalSection
	GlobalSection(NestedProjects) = preSolution
		{51612E7E-CE88-4812-8A8F-28BF6EDEFC8E} = {0696B674-02E9-46A7-BCF5-A3132C84F7EB}
		{3EB6FE8D-CDDB-408E-B870-849F14FF89F4} = {0696B674-02E9-46A7-BCF5-A3132C84F7EB}
		{00CFC90A-495B-4F25-BF04-5903516C4B1C} = {0696B674-02E9-46A7-BCF5-A3132C84F7EB}
		{3497A84B-E1DB-4943-A8E7-41F71EBE683C} = {0696B674-02E9-46A7-BCF5-A3132C84F7EB}
		{A83EE61D-3EB8-499D-A956-6B11BB95B482} = {0696B674-02E9-46A7-BCF5-A3132C84F7EB}
		{995536A4-00CD-4277-BB0B-5EDBDD04818F} = {0696B674-02E9-46A7-BCF5-A3132C84F7EB}
	EndGlobalSection
EndGlobal
